
Microsoft Visual Studio Solution File, Format Version 12.00
# Visual Studio 15
VisualStudioVersion = 15.0.28307.421
MinimumVisualStudioVersion = 10.0.40219.1
Project("{FAE04EC0-301F-11D3-BF4B-00C04F79EFBC}") = "WebApplication1", "WebApplication1\WebApplication1.csproj", "{7FA07FEA-77E9-49C1-86C0-D0A66AF90131}"
EndProject
Global
	GlobalSection(SolutionConfigurationPlatforms) = preSolution
		Debug|Any CPU = Debug|Any CPU
		Release|Any CPU = Release|Any CPU
	EndGlobalSection
	GlobalSection(ProjectConfigurationPlatforms) = postSolution
		{7FA07FEA-77E9-49C1-86C0-D0A66AF90131}.Debug|Any CPU.ActiveCfg = Debug|Any CPU
		{7FA07FEA-77E9-49C1-86C0-D0A66AF90131}.Debug|Any CPU.Build.0 = Debug|Any CPU
		{7FA07FEA-77E9-49C1-86C0-D0A66AF90131}.Release|Any CPU.ActiveCfg = Release|Any CPU
		{7FA07FEA-77E9-49C1-86C0-D0A66AF90131}.Release|Any CPU.Build.0 = Release|Any CPU
	EndGlobalSection
	GlobalSection(SolutionProperties) = preSolution
		HideSolutionNode = FALSE
	EndGlobalSection
	GlobalSection(ExtensibilityGlobals) = postSolution
		SolutionGuid = {606AC225-AA58-4E86-B4E6-C2C25DBC400F}
	EndGlobalSection
EndGlobal
